# This file is automatically @generated by Cargo.
# It is not intended for manual editing.
version = 4

[[package]]
name = "abi"
version = "0.1.0"

[[package]]
name = "bitflags"
version = "2.13.2"
source = "registry+https://github.com/rust-lang/crates.io-index"
checksum = "3ded4057c258ba199e2d26386d3af3780957ecaee6c4ef4041c6b4b8b97c0b06"

[[package]]
name = "bootimg"
version = "0.1.0"
dependencies = [
 "abi",
]

[[package]]
name = "busybox-probe"
version = "0.1.0"
dependencies = [
 "posix-bridge",
 "rt",
]

[[package]]
name = "cprobe"
version = "0.1.0"
dependencies = [
 "posix-bridge",
 "proto-fs",
 "proto-wire",
 "rt",
]

[[package]]
name = "crc"
version = "3.4.0"
source = "registry+https://github.com/rust-lang/crates.io-index"
checksum = "5eb8a2a1cd12ab0d987a5d5e825195d372001a4094a0376319d5a0ad71c1ba0d"
dependencies = [
 "crc-catalog",
]

[[package]]
name = "crc-catalog"
version = "2.5.0"
source = "registry+https://github.com/rust-lang/crates.io-index"
checksum = "217698eaf96b4a3f0bc4f3662aaa55bdf913cd54d7204591faa790070c6d0853"

[[package]]
name = "enumn"
version = "0.1.14"
source = "registry+https://github.com/rust-lang/crates.io-index"
checksum = "2f9ed6b3789237c8a0c1c505af1c7eb2c560df6186f01b098c3a1064ea532f38"
dependencies = [
 "proc-macro2",
 "quote",
 "syn 2.0.119",
]

[[package]]
name = "ext4-view"
version = "1.0.0"
source = "registry+https://github.com/rust-lang/crates.io-index"
checksum = "0ecf6379b7cfeace5e109ccc51955afc05f5f7f2466ae0cf2697bda46afd01e6"
dependencies = [
 "bitflags",
 "crc",
]

[[package]]
name = "ext4ro"
version = "0.1.0"
dependencies = [
 "ext4-view",
]

[[package]]
name = "ext4ro-probe"
version = "0.1.0"
dependencies = [
 "ext4ro",
 "rt",
]

[[package]]
name = "init"
version = "0.1.0"
dependencies = [
 "abi",
 "bootimg",
 "proto-init",
 "proto-wire",
 "rt",
 "uart",
]

[[package]]
name = "kcore"
version = "0.1.0"
dependencies = [
 "abi",
]

[[package]]
name = "kernel"
version = "0.1.0"
dependencies = [
 "abi",
 "bootimg",
 "kcore",
]

[[package]]
name = "linked_list_allocator"
version = "0.10.6"
source = "registry+https://github.com/rust-lang/crates.io-index"
checksum = "2b23ac50abb8261cb38c6e2a7192d3302e0836dac1628f6a93b82b4fad185897"

[[package]]
name = "log"
version = "0.4.34"
source = "registry+https://github.com/rust-lang/crates.io-index"
checksum = "f9f8bd3e56ce4dfc153cf470fffbfa98c7620958b312ca5c3a4b8d5181fd13c6"

[[package]]
name = "posix-abi"
version = "0.1.0"
dependencies = [
 "posix-clock",
 "posix-fs",
 "posix-heap",
 "posix-order",
 "posix-request",
 "posix-signals",
 "posix-sync",
 "posix-thread",
 "posix-time",
 "posix-types",
 "process-client",
 "proto-clock",
 "proto-process",
 "proto-uart",
 "proto-wire",
 "rt",
]

[[package]]
name = "posix-abi-probe"
version = "0.1.0"
dependencies = [
 "posix-crt",
]

[[package]]
name = "posix-bridge"
version = "0.1.0"
dependencies = [
 "proto-fs",
 "proto-wire",
 "rt",
]

[[package]]
name = "posix-clock"
version = "0.1.0"
dependencies = [
 "posix-time",
 "proto-clock",
 "proto-wire",
 "rt",
]

[[package]]
name = "posix-clock-peer"
version = "0.1.0"
dependencies = [
 "posix-clock",
 "process-client",
 "proto-clock",
 "proto-init",
 "proto-process",
 "proto-wire",
 "rt",
]

[[package]]
name = "posix-clock-service"
version = "0.1.0"
dependencies = [
 "posix-time",
 "proto-clock",
 "proto-init",
 "proto-wire",
 "rt",
]

[[package]]
name = "posix-credentials"
version = "0.1.0"
dependencies = [
 "proto-process",
]

[[package]]
name = "posix-crt"
version = "0.1.0"
dependencies = [
 "posix-abi",
 "posix-fs",
 "posix-platform",
 "posix-thread",
 "proto-init",
 "rt",
]

[[package]]
name = "posix-fd"
version = "0.1.0"

[[package]]
name = "posix-fs"
version = "0.1.0"
dependencies = [
 "posix-fd",
 "posix-path",
 "proto-fs",
 "proto-wire",
 "rt",
]

[[package]]
name = "posix-heap"
version = "0.1.0"
dependencies = [
 "linked_list_allocator",
]

[[package]]
name = "posix-order"
version = "0.1.0"

[[package]]
name = "posix-path"
version = "0.1.0"
dependencies = [
 "proto-fs",
]

[[package]]
name = "posix-platform"
version = "0.1.0"
dependencies = [
 "posix-abi",
 "posix-thread",
 "posix-types",
]

[[package]]
name = "posix-process-service"
version = "0.1.0"
dependencies = [
 "posix-credentials",
 "process-client",
 "proto-init",
 "proto-process",
 "proto-wire",
 "rt",
]

[[package]]
name = "posix-request"
version = "0.1.0"
dependencies = [
 "proto-fs",
 "proto-wire",
]

[[package]]
name = "posix-shared-probe"
version = "0.1.0"
dependencies = [
 "posix-abi",
 "posix-fs",
 "posix-request",
 "proto-uart",
 "proto-wire",
 "rt",
]

[[package]]
name = "posix-signal-queue"
version = "0.1.0"
dependencies = [
 "posix-types",
]

[[package]]
name = "posix-signals"
version = "0.1.0"
dependencies = [
 "posix-types",
]

[[package]]
name = "posix-sync"
version = "0.1.0"
dependencies = [
 "abi",
 "posix-thread",
 "rt",
]

[[package]]
name = "posix-thread"
version = "0.1.0"

[[package]]
name = "posix-thread-probe"
version = "0.1.0"
dependencies = [
 "posix-abi",
 "posix-clock",
 "posix-fs",
 "posix-request",
 "posix-signals",
 "posix-sync",
 "posix-thread",
 "posix-time",
 "process-client",
 "proto-clock",
 "proto-process",
 "proto-uart",
 "proto-wire",
 "rt",
]

[[package]]
name = "posix-time"
version = "0.1.0"
dependencies = [
 "proto-clock",
]

[[package]]
name = "posix-tls-probe"
version = "0.1.0"
dependencies = [
 "posix-abi",
 "posix-thread",
 "rt",
]

[[package]]
name = "posix-types"
version = "0.1.0"
dependencies = [
 "proto-fs",
]

[[package]]
name = "proc-macro2"
version = "1.0.107"
source = "registry+https://github.com/rust-lang/crates.io-index"
checksum = "985e7ec9bb745e6ce6535b544d84d6cd6f7ad8bd711c398938ae983b91a766d9"
dependencies = [
 "unicode-ident",
]

[[package]]
name = "process-client"
version = "0.1.0"
dependencies = [
 "proto-process",
 "proto-wire",
 "rt",
]

[[package]]
name = "proto-clock"
version = "0.1.0"
dependencies = [
 "proto-wire",
]

[[package]]
name = "proto-fs"
version = "0.1.0"
dependencies = [
 "abi",
 "proto-wire",
]

[[package]]
name = "proto-init"
version = "0.1.0"
dependencies = [
 "abi",
 "proto-wire",
]

[[package]]
name = "proto-process"
version = "0.1.0"
dependencies = [
 "proto-wire",
]

[[package]]
name = "proto-uart"
version = "0.1.0"
dependencies = [
 "abi",
 "proto-wire",
]

[[package]]
name = "proto-wire"
version = "0.1.0"
dependencies = [
 "abi",
]

[[package]]
name = "quote"
version = "1.0.47"
source = "registry+https://github.com/rust-lang/crates.io-index"
checksum = "1fbf4db142a473a8d80c26bbf18454ed458bf8d26c8219c331daecfdbd079001"
dependencies = [
 "proc-macro2",
]

[[package]]
name = "ramfs"
version = "0.1.0"
dependencies = [
 "abi",
 "proto-fs",
 "proto-init",
 "proto-wire",
 "rt",
]

[[package]]
name = "ramfs-probe"
version = "0.1.0"
dependencies = [
 "posix-abi",
 "posix-fs",
 "posix-path",
 "proto-fs",
 "proto-wire",
 "rt",
]

[[package]]
name = "relibc-hello"
version = "0.1.0"
dependencies = [
 "posix-crt",
]

[[package]]
name = "rt"
version = "0.1.0"
dependencies = [
 "abi",
 "bootimg",
 "proto-fs",
 "proto-init",
 "proto-uart",
 "proto-wire",
]

[[package]]
name = "rtbench"
version = "0.1.0"
dependencies = [
 "abi",
 "rt",
]

[[package]]
name = "rtbench-load"
version = "0.1.0"
dependencies = [
 "abi",
 "proto-init",
 "proto-wire",
 "rt",
]

[[package]]
name = "rtbench-posix"
version = "0.1.0"
dependencies = [
 "abi",
 "posix-abi",
 "posix-crt",
 "posix-sync",
 "proto-uart",
 "proto-wire",
 "rt",
]

[[package]]
name = "safe-mmio"
version = "0.3.2"
source = "registry+https://github.com/rust-lang/crates.io-index"
checksum = "e885ed64c91774b671612cb99dda2ede3738b0aa2d39a85a1471b20bf09eabe0"
dependencies = [
 "zerocopy",
]

[[package]]
name = "shell"
version = "0.1.0"
dependencies = [
 "abi",
 "proto-init",
 "proto-uart",
 "proto-wire",
 "rt",
]

[[package]]
name = "syn"
version = "2.0.119"
source = "registry+https://github.com/rust-lang/crates.io-index"
checksum = "872831b642d1a07999a962a351ed35b955ea2cfc8f3862091e2a240a84f17297"
dependencies = [
 "proc-macro2",
 "quote",
 "unicode-ident",
]

[[package]]
name = "syn"
version = "3.0.6"
source = "registry+https://github.com/rust-lang/crates.io-index"
checksum = "8593e8e72159ed2257d083c7a454a85cbf854f37a0966d8d483aff8c8a3ebcee"
dependencies = [
 "proc-macro2",
 "quote",
 "unicode-ident",
]

[[package]]
name = "test-child"
version = "0.1.0"
dependencies = [
 "abi",
 "bootimg",
 "proto-wire",
 "rt",
]

[[package]]
name = "test-init"
version = "0.1.0"
dependencies = [
 "abi",
 "bootimg",
 "proto-init",
 "proto-wire",
 "rt",
 "test-child",
]

[[package]]
name = "test-svc"
version = "0.1.0"
dependencies = [
 "abi",
 "proto-init",
 "proto-uart",
 "proto-wire",
 "rt",
]

[[package]]
name = "thiserror"
version = "2.0.21"
source = "registry+https://github.com/rust-lang/crates.io-index"
checksum = "09e52cb86a36cede5cb101bf8908837b3e4c6e5e59fe7fd85c23fb56200d189e"
dependencies = [
 "thiserror-impl",
]

[[package]]
name = "thiserror-impl"
version = "2.0.21"
source = "registry+https://github.com/rust-lang/crates.io-index"
checksum = "fe5197923287db20a58125f0bc85c062f7f2c892de97b18c356f9efb14b28524"
dependencies = [
 "proc-macro2",
 "quote",
 "syn 3.0.6",
]

[[package]]
name = "uart"
version = "0.1.0"
dependencies = [
 "abi",
 "proto-init",
 "proto-uart",
 "proto-wire",
 "rt",
]

[[package]]
name = "unicode-ident"
version = "1.0.26"
source = "registry+https://github.com/rust-lang/crates.io-index"
checksum = "d245f478577f809a851594d02313b640fb437e0bb33866753cff937863096954"

[[package]]
name = "virtio-console"
version = "0.1.0"
dependencies = [
 "abi",
 "proto-init",
 "proto-uart",
 "proto-wire",
 "rt",
 "uart",
 "virtio-drivers",
]

[[package]]
name = "virtio-drivers"
version = "0.13.0"
source = "registry+https://github.com/rust-lang/crates.io-index"
checksum = "cfdc1c628cdd8ce7c3b9e65a8ed550d0338e9ef9f911e729666f1cce097de2f7"
dependencies = [
 "bitflags",
 "enumn",
 "log",
 "safe-mmio",
 "thiserror",
 "zerocopy",
]

[[package]]
name = "xtask"
version = "0.1.0"
dependencies = [
 "abi",
 "bootimg",
]

[[package]]
name = "zerocopy"
version = "0.8.59"
source = "registry+https://github.com/rust-lang/crates.io-index"
checksum = "6df92bf3d9227be3d53173901ddbffac2babc27ae50f397776ffd6dc33f800cb"
dependencies = [
 "zerocopy-derive",
]

[[package]]
name = "zerocopy-derive"
version = "0.8.59"
source = "registry+https://github.com/rust-lang/crates.io-index"
checksum = "ac4f328cf2f05d084e496c3e9c3f33ed0a183656a16e1fcec4d464d8373aec82"
dependencies = [
 "proc-macro2",
 "quote",
 "syn 2.0.119",
]
