# This file is automatically @generated by Cargo.
# It is not intended for manual editing.
version = 4

[[package]]
name = "abi"
version = "0.1.0"

[[package]]
name = "bootimg"
version = "0.1.0"
dependencies = [
 "abi",
]

[[package]]
name = "init"
version = "0.1.0"
dependencies = [
 "abi",
 "rt",
]

[[package]]
name = "kcore"
version = "0.1.0"
dependencies = [
 "abi",
]

[[package]]
name = "kernel"
version = "0.1.0"
dependencies = [
 "abi",
 "bootimg",
 "kcore",
]

[[package]]
name = "proto-init"
version = "0.1.0"
dependencies = [
 "abi",
 "proto-wire",
]

[[package]]
name = "proto-wire"
version = "0.1.0"
dependencies = [
 "abi",
]

[[package]]
name = "rt"
version = "0.1.0"
dependencies = [
 "abi",
 "bootimg",
 "proto-init",
 "proto-wire",
]

[[package]]
name = "test-child"
version = "0.1.0"
dependencies = [
 "abi",
 "bootimg",
 "rt",
]

[[package]]
name = "test-init"
version = "0.1.0"
dependencies = [
 "abi",
 "bootimg",
 "proto-init",
 "proto-wire",
 "rt",
 "test-child",
]

[[package]]
name = "xtask"
version = "0.1.0"
dependencies = [
 "abi",
 "bootimg",
]
